lockfileVersion: '9.0'

settings:
  autoInstallPeers: true
  excludeLinksFromLockfile: false

importers:

  .:
    dependencies:
      '@types/mustache':
        specifier: ^4.2.6
        version: 4.2.6
      '@voidwire/argus-send':
        specifier: ^2.0.2
        version: 2.0.2
      '@voidwire/expertise-update':
        specifier: ^1.0.1
        version: 1.0.1
      '@voidwire/llm-notify':
        specifier: ^2.0.0
        version: 2.0.0
      '@voidwire/llm-summarize':
        specifier: ^3.2.0
        version: 3.2.0
      '@voidwire/lore':
        specifier: ^0.1.5
        version: 0.1.5
      mustache:
        specifier: ^4.2.0
        version: 4.2.0

packages:

  '@types/mustache@4.2.6':
    resolution: {integrity: sha512-t+8/QWTAhOFlrF1IVZqKnMRJi84EgkIK5Kh0p2JV4OLywUvCwJPFxbJAl7XAow7DVIHsF+xW9f1MVzg0L6Szjw==}

  '@voidwire/argus-send@2.0.2':
    resolution: {integrity: sha512-vrxoidjz9QM9d9jawuryWkmOxT9sVWa2hFkKTXEcWjPEM/I6x5Zij0sv1IzXUq6zG77/pCSDZp5vD53Eri/vuw==}
    engines: {bun: '>=1.0.0'}
    hasBin: true

  '@voidwire/expertise-update@1.0.1':
    resolution: {integrity: sha512-HFJlNnQlIvosHy2dTEi6FM4l1jNjC8Ao6AO2HhRLO35NNq/7M7dOriaEdsb+v39z4fcM+3VZyQUeS8dq0lpUDQ==}
    engines: {bun: '>=1.0.0'}
    hasBin: true

  '@voidwire/llm-notify@2.0.0':
    resolution: {integrity: sha512-/MMxlxm1O/FnskALJNs3y/3U31q70Rl6y33S8s04ksX3eWqE6m4T/jOzUtITNPNu2JNSmCrP4GyrF9Zi/XCa6w==}
    engines: {bun: '>=1.0.0'}
    hasBin: true

  '@voidwire/llm-summarize@3.2.0':
    resolution: {integrity: sha512-Udz0K29Jw7W0miTecNfraHDu9eDI6kY1UPnhWbCmWNDL4bCeX0WjPhhl9RI6lUnD3z5Br9jUkp6k53519t2ySw==}
    engines: {bun: '>=1.0.0'}
    hasBin: true

  '@voidwire/lore@0.1.2':
    resolution: {integrity: sha512-x4KprLCTl/4t5aFWJGu4IYSW/jbJahi993D76ZRjH2KNCzEkhgWfiMZ1vu4/1cX0Fl/OZMtd7e4FDcHb2ltpCA==}
    engines: {bun: '>=1.0.0'}
    hasBin: true

  '@voidwire/lore@0.1.5':
    resolution: {integrity: sha512-m5FrzOrTxNOJS7NA3yF+/s06yGvn0wu0Kilhf+VoQVt80lCChDLxiksPQgmjcF1GU8JHmk/Uo2PJbYbHLVKZjg==}
    engines: {bun: '>=1.0.0'}
    hasBin: true

  mustache@4.2.0:
    resolution: {integrity: sha512-71ippSywq5Yb7/tVYyGbkBggbU8H3u5Rz56fH60jGFgr8uHwxs+aSKeqmluIVzM0m0kB7xQjKS6qPfd0b2ZoqQ==}
    hasBin: true

  smol-toml@1.3.1:
    resolution: {integrity: sha512-tEYNll18pPKHroYSmLLrksq233j021G0giwW7P3D24jC54pQ5W5BXMsQ/Mvw1OJCmEYDgY+lrzT+3nNUtoNfXQ==}
    engines: {node: '>= 18'}

snapshots:

  '@types/mustache@4.2.6': {}

  '@voidwire/argus-send@2.0.2': {}

  '@voidwire/expertise-update@1.0.1':
    dependencies:
      '@voidwire/lore': 0.1.2
      smol-toml: 1.3.1

  '@voidwire/llm-notify@2.0.0': {}

  '@voidwire/llm-summarize@3.2.0': {}

  '@voidwire/lore@0.1.2': {}

  '@voidwire/lore@0.1.5': {}

  mustache@4.2.0: {}

  smol-toml@1.3.1: {}
